
Microsoft Visual Studio Solution File, Format Version 12.00
# Visual Studio 15
VisualStudioVersion = 15.0.26730.16
MinimumVisualStudioVersion = 10.0.40219.1
Project("{888888A0-9F3D-457C-B088-3A5042F75D52}") = "secret-santa", "secret-santa.pyproj", "{9C15EB60-EAA1-49E7-AEAB-8851EF6CDB57}"
EndProject
Global
	GlobalSection(SolutionConfigurationPlatforms) = preSolution
		Debug|Any CPU = Debug|Any CPU
		Release|Any CPU = Release|Any CPU
	EndGlobalSection
	GlobalSection(ProjectConfigurationPlatforms) = postSolution
		{9C15EB60-EAA1-49E7-AEAB-8851EF6CDB57}.Debug|Any CPU.ActiveCfg = Debug|Any CPU
		{9C15EB60-EAA1-49E7-AEAB-8851EF6CDB57}.Release|Any CPU.ActiveCfg = Release|Any CPU
	EndGlobalSection
	GlobalSection(SolutionProperties) = preSolution
		HideSolutionNode = FALSE
	EndGlobalSection
	GlobalSection(ExtensibilityGlobals) = postSolution
		SolutionGuid = {1F675E17-3A0E-41E5-96FA-45185077BB2E}
	EndGlobalSection
EndGlobal
